
Microsoft Visual Studio Solution File, Format Version 12.00
# Visual Studio 15
VisualStudioVersion = 15.0.28307.852
MinimumVisualStudioVersion = 10.0.40219.1
Project("{FAE04EC0-301F-11D3-BF4B-00C04F79EFBC}") = "Basic_Calc", "Basic_Calc\Basic_Calc.csproj", "{C11E1613-3268-43B7-A7B9-21F41425F75C}"
EndProject
Global
	GlobalSection(SolutionConfigurationPlatforms) = preSolution
		Debug|Any CPU = Debug|Any CPU
		Release|Any CPU = Release|Any CPU
	EndGlobalSection
	GlobalSection(ProjectConfigurationPlatforms) = postSolution
		{C11E1613-3268-43B7-A7B9-21F41425F75C}.Debug|Any CPU.ActiveCfg = Debug|Any CPU
		{C11E1613-3268-43B7-A7B9-21F41425F75C}.Debug|Any CPU.Build.0 = Debug|Any CPU
		{C11E1613-3268-43B7-A7B9-21F41425F75C}.Release|Any CPU.ActiveCfg = Release|Any CPU
		{C11E1613-3268-43B7-A7B9-21F41425F75C}.Release|Any CPU.Build.0 = Release|Any CPU
	EndGlobalSection
	GlobalSection(SolutionProperties) = preSolution
		HideSolutionNode = FALSE
	EndGlobalSection
	GlobalSection(ExtensibilityGlobals) = postSolution
		SolutionGuid = {966505F4-26F2-4E1C-9950-CA8A6E2C10A0}
	EndGlobalSection
EndGlobal
